
Microsoft Visual Studio Solution File, Format Version 12.00
Project("{FAE04EC0-301F-11D3-BF4B-00C04F79EFBC}") = "RevenueRecognitionSystem", "RevenueRecognitionSystem\RevenueRecognitionSystem.csproj", "{875EB78A-724A-4E71-8B4E-7BF681710437}"
EndProject
Global
	GlobalSection(SolutionConfigurationPlatforms) = preSolution
		Debug|Any CPU = Debug|Any CPU
		Release|Any CPU = Release|Any CPU
	EndGlobalSection
	GlobalSection(ProjectConfigurationPlatforms) = postSolution
		{875EB78A-724A-4E71-8B4E-7BF681710437}.Debug|Any CPU.ActiveCfg = Debug|Any CPU
		{875EB78A-724A-4E71-8B4E-7BF681710437}.Debug|Any CPU.Build.0 = Debug|Any CPU
		{875EB78A-724A-4E71-8B4E-7BF681710437}.Release|Any CPU.ActiveCfg = Release|Any CPU
		{875EB78A-724A-4E71-8B4E-7BF681710437}.Release|Any CPU.Build.0 = Release|Any CPU
	EndGlobalSection
EndGlobal
